// !$*UTF8*$!
{
	archiveVersion = 1;
	classes = {
	};
	objectVersion = 56;
	objects = {

/* Begin PBXBuildFile section */
		F80ACA2D2DA29F39004B1033 /* TabBarController.swift in Sources */ = {isa = PBXBuildFile; fileRef = F80ACA2C2DA29F39004B1033 /* TabBarController.swift */; };
		F80ACA2F2DA29FA2004B1033 /* MainScreenVC.swift in Sources */ = {isa = PBXBuildFile; fileRef = F80ACA2E2DA29FA2004B1033 /* MainScreenVC.swift */; };
		F80ACA312DA29FB3004B1033 /* SearchScreenVC.swift in Sources */ = {isa = PBXBuildFile; fileRef = F80ACA302DA29FB3004B1033 /* SearchScreenVC.swift */; };
		F80ACA332DA29FD0004B1033 /* ProfileScreenVC.swift in Sources */ = {isa = PBXBuildFile; fileRef = F80ACA322DA29FD0004B1033 /* ProfileScreenVC.swift */; };
		F8B699B32DA17DC900D105F9 /* AppDelegate.swift in Sources */ = {isa = PBXBuildFile; fileRef = F8B699B22DA17DC900D105F9 /* AppDelegate.swift */; };
		F8B699B52DA17DC900D105F9 /* SceneDelegate.swift in Sources */ = {isa = PBXBuildFile; fileRef = F8B699B42DA17DC900D105F9 /* SceneDelegate.swift */; };
		F8B699B72DA17DC900D105F9 /* ViewController.swift in Sources */ = {isa = PBXBuildFile; fileRef = F8B699B62DA17DC900D105F9 /* ViewController.swift */; };
		F8B699BC2DA17DCB00D105F9 /* Assets.xcassets in Resources */ = {isa = PBXBuildFile; fileRef = F8B699BB2DA17DCB00D105F9 /* Assets.xcassets */; };
		F8B699BF2DA17DCB00D105F9 /* LaunchScreen.storyboard in Resources */ = {isa = PBXBuildFile; fileRef = F8B699BD2DA17DCB00D105F9 /* LaunchScreen.storyboard */; };
/* End PBXBuildFile section */

/* Begin PBXFileReference section */
		F80ACA2C2DA29F39004B1033 /* TabBarController.swift */ = {isa = PBXFileReference; lastKnownFileType = sourcecode.swift; path = TabBarController.swift; sourceTree = "<group>"; };
		F80ACA2E2DA29FA2004B1033 /* MainScreenVC.swift */ = {isa = PBXFileReference; lastKnownFileType = sourcecode.swift; path = MainScreenVC.swift; sourceTree = "<group>"; };
		F80ACA302DA29FB3004B1033 /* SearchScreenVC.swift */ = {isa = PBXFileReference; lastKnownFileType = sourcecode.swift; path = SearchScreenVC.swift; sourceTree = "<group>"; };
		F80ACA322DA29FD0004B1033 /* ProfileScreenVC.swift */ = {isa = PBXFileReference; lastKnownFileType = sourcecode.swift; path = ProfileScreenVC.swift; sourceTree = "<group>"; };
		F8B699AF2DA17DC900D105F9 /* Flicksy.app */ = {isa = PBXFileReference; explicitFileType = wrapper.application; includeInIndex = 0; path = Flicksy.app; sourceTree = BUILT_PRODUCTS_DIR; };
		F8B699B22DA17DC900D105F9 /* AppDelegate.swift */ = {isa = PBXFileReference; lastKnownFileType = sourcecode.swift; path = AppDelegate.swift; sourceTree = "<group>"; };
		F8B699B42DA17DC900D105F9 /* SceneDelegate.swift */ = {isa = PBXFileReference; lastKnownFileType = sourcecode.swift; path = SceneDelegate.swift; sourceTree = "<group>"; };
		F8B699B62DA17DC900D105F9 /* ViewController.swift */ = {isa = PBXFileReference; lastKnownFileType = sourcecode.swift; path = ViewController.swift; sourceTree = "<group>"; };
		F8B699BB2DA17DCB00D105F9 /* Assets.xcassets */ = {isa = PBXFileReference; lastKnownFileType = folder.assetcatalog; path = Assets.xcassets; sourceTree = "<group>"; };
		F8B699BE2DA17DCB00D105F9 /* Base */ = {isa = PBXFileReference; lastKnownFileType = file.storyboard; name = Base; path = Base.lproj/LaunchScreen.storyboard; sourceTree = "<group>"; };
		F8B699C02DA17DCB00D105F9 /* Info.plist */ = {isa = PBXFileReference; lastKnownFileType = text.plist.xml; path = Info.plist; sourceTree = "<group>"; };
/* End PBXFileReference section */

/* Begin PBXFrameworksBuildPhase section */
		F8B699AC2DA17DC900D105F9 /* Frameworks */ = {
			isa = PBXFrameworksBuildPhase;
			buildActionMask = 2147483647;
			files = (
			);
			runOnlyForDeploymentPostprocessing = 0;
		};
/* End PBXFrameworksBuildPhase section */

/* Begin PBXGroup section */
		F8B699A62DA17DC900D105F9 = {
			isa = PBXGroup;
			children = (
				F8B699B12DA17DC900D105F9 /* Flicksy */,
				F8B699B02DA17DC900D105F9 /* Products */,
			);
			sourceTree = "<group>";
		};
		F8B699B02DA17DC900D105F9 /* Products */ = {
			isa = PBXGroup;
			children = (
				F8B699AF2DA17DC900D105F9 /* Flicksy.app */,
			);
			name = Products;
			sourceTree = "<group>";
		};
		F8B699B12DA17DC900D105F9 /* Flicksy */ = {
			isa = PBXGroup;
			children = (
				F8B699B22DA17DC900D105F9 /* AppDelegate.swift */,
				F8B699B42DA17DC900D105F9 /* SceneDelegate.swift */,
				F8B699B62DA17DC900D105F9 /* ViewController.swift */,
				F8B699BB2DA17DCB00D105F9 /* Assets.xcassets */,
				F8B699BD2DA17DCB00D105F9 /* LaunchScreen.storyboard */,
				F8B699C02DA17DCB00D105F9 /* Info.plist */,
				F80ACA2C2DA29F39004B1033 /* TabBarController.swift */,
				F80ACA2E2DA29FA2004B1033 /* MainScreenVC.swift */,
				F80ACA302DA29FB3004B1033 /* SearchScreenVC.swift */,
				F80ACA322DA29FD0004B1033 /* ProfileScreenVC.swift */,
			);
			path = Flicksy;
			sourceTree = "<group>";
		};
/* End PBXGroup section */

/* Begin PBXNativeTarget section */
		F8B699AE2DA17DC900D105F9 /* Flicksy */ = {
			isa = PBXNativeTarget;
			buildConfigurationList = F8B699C32DA17DCB00D105F9 /* Build configuration list for PBXNativeTarget "Flicksy" */;
			buildPhases = (
				F8B699AB2DA17DC900D105F9 /* Sources */,
				F8B699AC2DA17DC900D105F9 /* Frameworks */,
				F8B699AD2DA17DC900D105F9 /* Resources */,
			);
			buildRules = (
			);
			dependencies = (
			);
			name = Flicksy;
			productName = Flicksy;
			productReference = F8B699AF2DA17DC900D105F9 /* Flicksy.app */;
			productType = "com.apple.product-type.application";
		};
/* End PBXNativeTarget section */

/* Begin PBXProject section */
		F8B699A72DA17DC900D105F9 /* Project object */ = {
			isa = PBXProject;
			attributes = {
				BuildIndependentTargetsInParallel = 1;
				LastSwiftUpdateCheck = 1420;
				LastUpgradeCheck = 1420;
				TargetAttributes = {
					F8B699AE2DA17DC900D105F9 = {
						CreatedOnToolsVersion = 14.2;
					};
				};
			};
			buildConfigurationList = F8B699AA2DA17DC900D105F9 /* Build configuration list for PBXProject "Flicksy" */;
			compatibilityVersion = "Xcode 14.0";
			developmentRegion = en;
			hasScannedForEncodings = 0;
			knownRegions = (
				en,
				Base,
			);
			mainGroup = F8B699A62DA17DC900D105F9;
			productRefGroup = F8B699B02DA17DC900D105F9 /* Products */;
			projectDirPath = "";
			projectRoot = "";
			targets = (
				F8B699AE2DA17DC900D105F9 /* Flicksy */,
			);
		};
/* End PBXProject section */

/* Begin PBXResourcesBuildPhase section */
		F8B699AD2DA17DC900D105F9 /* Resources */ = {
			isa = PBXResourcesBuildPhase;
			buildActionMask = 2147483647;
			files = (
				F8B699BF2DA17DCB00D105F9 /* LaunchScreen.storyboard in Resources */,
				F8B699BC2DA17DCB00D105F9 /* Assets.xcassets in Resources */,
			);
			runOnlyForDeploymentPostprocessing = 0;
		};
/* End PBXResourcesBuildPhase section */

/* Begin PBXSourcesBuildPhase section */
		F8B699AB2DA17DC900D105F9 /* Sources */ = {
			isa = PBXSourcesBuildPhase;
			buildActionMask = 2147483647;
			files = (
				F8B699B72DA17DC900D105F9 /* ViewController.swift in Sources */,
				F80ACA2F2DA29FA2004B1033 /* MainScreenVC.swift in Sources */,
				F80ACA312DA29FB3004B1033 /* SearchScreenVC.swift in Sources */,
				F80ACA2D2DA29F39004B1033 /* TabBarController.swift in Sources */,
				F80ACA332DA29FD0004B1033 /* ProfileScreenVC.swift in Sources */,
				F8B699B32DA17DC900D105F9 /* AppDelegate.swift in Sources */,
				F8B699B52DA17DC900D105F9 /* SceneDelegate.swift in Sources */,
			);
			runOnlyForDeploymentPostprocessing = 0;
		};
/* End PBXSourcesBuildPhase section */

/* Begin PBXVariantGroup section */
		F8B699BD2DA17DCB00D105F9 /* LaunchScreen.storyboard */ = {
			isa = PBXVariantGroup;
			children = (
				F8B699BE2DA17DCB00D105F9 /* Base */,
			);
			name = LaunchScreen.storyboard;
			sourceTree = "<group>";
		};
/* End PBXVariantGroup section */

/* Begin XCBuildConfiguration section */
		F8B699C12DA17DCB00D105F9 /* Debug */ = {
			isa = XCBuildConfiguration;
			buildSettings = {
				ALWAYS_SEARCH_USER_PATHS = NO;
				CLANG_ANALYZER_NONNULL = YES;
				CLANG_ANALYZER_NUMBER_OBJECT_CONVERSION = YES_AGGRESSIVE;
				CLANG_CXX_LANGUAGE_STANDARD = "gnu++20";
				CLANG_ENABLE_MODULES = YES;
				CLANG_ENABLE_OBJC_ARC = YES;
				CLANG_ENABLE_OBJC_WEAK = YES;
				CLANG_WARN_BLOCK_CAPTURE_AUTORELEASING = YES;
				CLANG_WARN_BOOL_CONVERSION = YES;
				CLANG_WARN_COMMA = YES;
				CLANG_WARN_CONSTANT_CONVERSION = YES;
				CLANG_WARN_DEPRECATED_OBJC_IMPLEMENTATIONS = YES;
				CLANG_WARN_DIRECT_OBJC_ISA_USAGE = YES_ERROR;
				CLANG_WARN_DOCUMENTATION_COMMENTS = YES;
				CLANG_WARN_EMPTY_BODY = YES;
				CLANG_WARN_ENUM_CONVERSION = YES;
				CLANG_WARN_INFINITE_RECURSION = YES;
				CLANG_WARN_INT_CONVERSION = YES;
				CLANG_WARN_NON_LITERAL_NULL_CONVERSION = YES;
				CLANG_WARN_OBJC_IMPLICIT_RETAIN_SELF = YES;
				CLANG_WARN_OBJC_LITERAL_CONVERSION = YES;
				CLANG_WARN_OBJC_ROOT_CLASS = YES_ERROR;
				CLANG_WARN_QUOTED_INCLUDE_IN_FRAMEWORK_HEADER = YES;
				CLANG_WARN_RANGE_LOOP_ANALYSIS = YES;
				CLANG_WARN_STRICT_PROTOTYPES = YES;
				CLANG_WARN_SUSPICIOUS_MOVE = YES;
				CLANG_WARN_UNGUARDED_AVAILABILITY = YES_AGGRESSIVE;
				CLANG_WARN_UNREACHABLE_CODE = YES;
				CLANG_WARN__DUPLICATE_METHOD_MATCH = YES;
				COPY_PHASE_STRIP = NO;
				DEBUG_INFORMATION_FORMAT = dwarf;
				ENABLE_STRICT_OBJC_MSGSEND = YES;
				ENABLE_TESTABILITY = YES;
				GCC_C_LANGUAGE_STANDARD = gnu11;
				GCC_DYNAMIC_NO_PIC = NO;
				GCC_NO_COMMON_BLOCKS = YES;
				GCC_OPTIMIZATION_LEVEL = 0;
				GCC_PREPROCESSOR_DEFINITIONS = (
					"DEBUG=1",
					"$(inherited)",
				);
				GCC_WARN_64_TO_32_BIT_CONVERSION = YES;
				GCC_WARN_ABOUT_RETURN_TYPE = YES_ERROR;
				GCC_WARN_UNDECLARED_SELECTOR = YES;
				GCC_WARN_UNINITIALIZED_AUTOS = YES_AGGRESSIVE;
				GCC_WARN_UNUSED_FUNCTION = YES;
				GCC_WARN_UNUSED_VARIABLE = YES;
				INFOPLIST_KEY_UIMainStoryboardFile = "";
				IPHONEOS_DEPLOYMENT_TARGET = 16.2;
				MTL_ENABLE_DEBUG_INFO = INCLUDE_SOURCE;
				MTL_FAST_MATH = YES;
				ONLY_ACTIVE_ARCH = YES;
				SDKROOT = iphoneos;
				SWIFT_ACTIVE_COMPILATION_CONDITIONS = DEBUG;
				SWIFT_OPTIMIZATION_LEVEL = "-Onone";
			};
			name = Debug;
		};
		F8B699C22DA17DCB00D105F9 /* Release */ = {
			isa = XCBuildConfiguration;
			buildSettings = {
				ALWAYS_SEARCH_USER_PATHS = NO;
				CLANG_ANALYZER_NONNULL = YES;
				CLANG_ANALYZER_NUMBER_OBJECT_CONVERSION = YES_AGGRESSIVE;
				CLANG_CXX_LANGUAGE_STANDARD = "gnu++20";
				CLANG_ENABLE_MODULES = YES;
				CLANG_ENABLE_OBJC_ARC = YES;
				CLANG_ENABLE_OBJC_WEAK = YES;
				CLANG_WARN_BLOCK_CAPTURE_AUTORELEASING = YES;
				CLANG_WARN_BOOL_CONVERSION = YES;
				CLANG_WARN_COMMA = YES;
				CLANG_WARN_CONSTANT_CONVERSION = YES;
				CLANG_WARN_DEPRECATED_OBJC_IMPLEMENTATIONS = YES;
				CLANG_WARN_DIRECT_OBJC_ISA_USAGE = YES_ERROR;
				CLANG_WARN_DOCUMENTATION_COMMENTS = YES;
				CLANG_WARN_EMPTY_BODY = YES;
				CLANG_WARN_ENUM_CONVERSION = YES;
				CLANG_WARN_INFINITE_RECURSION = YES;
				CLANG_WARN_INT_CONVERSION = YES;
				CLANG_WARN_NON_LITERAL_NULL_CONVERSION = YES;
				CLANG_WARN_OBJC_IMPLICIT_RETAIN_SELF = YES;
				CLANG_WARN_OBJC_LITERAL_CONVERSION = YES;
				CLANG_WARN_OBJC_ROOT_CLASS = YES_ERROR;
				CLANG_WARN_QUOTED_INCLUDE_IN_FRAMEWORK_HEADER = YES;
				CLANG_WARN_RANGE_LOOP_ANALYSIS = YES;
				CLANG_WARN_STRICT_PROTOTYPES = YES;
				CLANG_WARN_SUSPICIOUS_MOVE = YES;
				CLANG_WARN_UNGUARDED_AVAILABILITY = YES_AGGRESSIVE;
				CLANG_WARN_UNREACHABLE_CODE = YES;
				CLANG_WARN__DUPLICATE_METHOD_MATCH = YES;
				COPY_PHASE_STRIP = NO;
				DEBUG_INFORMATION_FORMAT = "dwarf-with-dsym";
				ENABLE_NS_ASSERTIONS = NO;
				ENABLE_STRICT_OBJC_MSGSEND = YES;
				GCC_C_LANGUAGE_STANDARD = gnu11;
				GCC_NO_COMMON_BLOCKS = YES;
				GCC_WARN_64_TO_32_BIT_CONVERSION = YES;
				GCC_WARN_ABOUT_RETURN_TYPE = YES_ERROR;
				GCC_WARN_UNDECLARED_SELECTOR = YES;
				GCC_WARN_UNINITIALIZED_AUTOS = YES_AGGRESSIVE;
				GCC_WARN_UNUSED_FUNCTION = YES;
				GCC_WARN_UNUSED_VARIABLE = YES;
				INFOPLIST_KEY_UIMainStoryboardFile = "";
				IPHONEOS_DEPLOYMENT_TARGET = 16.2;
				MTL_ENABLE_DEBUG_INFO = NO;
				MTL_FAST_MATH = YES;
				SDKROOT = iphoneos;
				SWIFT_COMPILATION_MODE = wholemodule;
				SWIFT_OPTIMIZATION_LEVEL = "-O";
				VALIDATE_PRODUCT = YES;
			};
			name = Release;
		};
		F8B699C42DA17DCB00D105F9 /* Debug */ = {
			isa = XCBuildConfiguration;
			buildSettings = {
				ASSETCATALOG_COMPILER_APPICON_NAME = AppIcon;
				ASSETCATALOG_COMPILER_GLOBAL_ACCENT_COLOR_NAME = AccentColor;
				CODE_SIGN_STYLE = Automatic;
				CURRENT_PROJECT_VERSION = 1;
				DEVELOPMENT_TEAM = ZTBSRNSWGH;
				GENERATE_INFOPLIST_FILE = YES;
				INFOPLIST_FILE = Flicksy/Info.plist;
				INFOPLIST_KEY_UIApplicationSupportsIndirectInputEvents = YES;
				INFOPLIST_KEY_UILaunchStoryboardName = LaunchScreen;
				INFOPLIST_KEY_UIMainStoryboardFile = "";
				INFOPLIST_KEY_UISupportedInterfaceOrientations_iPad = "UIInterfaceOrientationPortrait UIInterfaceOrientationPortraitUpsideDown UIInterfaceOrientationLandscapeLeft UIInterfaceOrientationLandscapeRight";
				INFOPLIST_KEY_UISupportedInterfaceOrientations_iPhone = "UIInterfaceOrientationPortrait UIInterfaceOrientationLandscapeLeft UIInterfaceOrientationLandscapeRight";
				IPHONEOS_DEPLOYMENT_TARGET = 15.5;
				LD_RUNPATH_SEARCH_PATHS = (
					"$(inherited)",
					"@executable_path/Frameworks",
				);
				MARKETING_VERSION = 1.0;
				PRODUCT_BUNDLE_IDENTIFIER = com.home.Flicksy;
				PRODUCT_NAME = "$(TARGET_NAME)";
				SWIFT_EMIT_LOC_STRINGS = YES;
				SWIFT_VERSION = 5.0;
				TARGETED_DEVICE_FAMILY = "1,2";
			};
			name = Debug;
		};
		F8B699C52DA17DCB00D105F9 /* Release */ = {
			isa = XCBuildConfiguration;
			buildSettings = {
				ASSETCATALOG_COMPILER_APPICON_NAME = AppIcon;
				ASSETCATALOG_COMPILER_GLOBAL_ACCENT_COLOR_NAME = AccentColor;
				CODE_SIGN_STYLE = Automatic;
				CURRENT_PROJECT_VERSION = 1;
				DEVELOPMENT_TEAM = ZTBSRNSWGH;
				GENERATE_INFOPLIST_FILE = YES;
				INFOPLIST_FILE = Flicksy/Info.plist;
				INFOPLIST_KEY_UIApplicationSupportsIndirectInputEvents = YES;
				INFOPLIST_KEY_UILaunchStoryboardName = LaunchScreen;
				INFOPLIST_KEY_UIMainStoryboardFile = "";
				INFOPLIST_KEY_UISupportedInterfaceOrientations_iPad = "UIInterfaceOrientationPortrait UIInterfaceOrientationPortraitUpsideDown UIInterfaceOrientationLandscapeLeft UIInterfaceOrientationLandscapeRight";
				INFOPLIST_KEY_UISupportedInterfaceOrientations_iPhone = "UIInterfaceOrientationPortrait UIInterfaceOrientationLandscapeLeft UIInterfaceOrientationLandscapeRight";
				IPHONEOS_DEPLOYMENT_TARGET = 15.5;
				LD_RUNPATH_SEARCH_PATHS = (
					"$(inherited)",
					"@executable_path/Frameworks",
				);
				MARKETING_VERSION = 1.0;
				PRODUCT_BUNDLE_IDENTIFIER = com.home.Flicksy;
				PRODUCT_NAME = "$(TARGET_NAME)";
				SWIFT_EMIT_LOC_STRINGS = YES;
				SWIFT_VERSION = 5.0;
				TARGETED_DEVICE_FAMILY = "1,2";
			};
			name = Release;
		};
/* End XCBuildConfiguration section */

/* Begin XCConfigurationList section */
		F8B699AA2DA17DC900D105F9 /* Build configuration list for PBXProject "Flicksy" */ = {
			isa = XCConfigurationList;
			buildConfigurations = (
				F8B699C12DA17DCB00D105F9 /* Debug */,
				F8B699C22DA17DCB00D105F9 /* Release */,
			);
			defaultConfigurationIsVisible = 0;
			defaultConfigurationName = Release;
		};
		F8B699C32DA17DCB00D105F9 /* Build configuration list for PBXNativeTarget "Flicksy" */ = {
			isa = XCConfigurationList;
			buildConfigurations = (
				F8B699C42DA17DCB00D105F9 /* Debug */,
				F8B699C52DA17DCB00D105F9 /* Release */,
			);
			defaultConfigurationIsVisible = 0;
			defaultConfigurationName = Release;
		};
/* End XCConfigurationList section */
	};
	rootObject = F8B699A72DA17DC900D105F9 /* Project object */;
}
